{
  "requires": true,
  "lockfileVersion": 1,
  "dependencies": {
    "hexsorter": {
      "version": "1.5.0",
      "resolved": "https://registry.npmjs.org/hexsorter/-/hexsorter-1.5.0.tgz",
      "integrity": "sha512-W8zAhk6FJPZ2qXlq8M/5DkLnmvS60ILhwMFcxe1caYQzSMrauGfGmimQjP/Cevra38PKIDNP/6sZQ7z+NsQmJg=="
    }
  }
}
